
Microsoft Visual Studio Solution File, Format Version 12.00
# Visual Studio Version 16
VisualStudioVersion = 16.0.29609.76
MinimumVisualStudioVersion = 10.0.40219.1
Project("{2150E333-8FDC-42A3-9474-1A3956D46DE8}") = "src", "src", "{F9E82B2F-7B02-4D68-BA35-1D03F1C12D9E}"
EndProject
Project("{2150E333-8FDC-42A3-9474-1A3956D46DE8}") = "generated", "generated", "{51C02862-869A-4C8A-A40D-7067833B71FF}"
EndProject
Project("{2150E333-8FDC-42A3-9474-1A3956D46DE8}") = "test", "test", "{9C979D3F-DEB3-420D-9A6C-FA142ED2C8B4}"
EndProject
Project("{9A19103F-16F7-4668-BE54-9A1E7A4F7556}") = "SimpleFx.Client.Rest.Sample", "src\SimpleFx.Client.Rest.Sample\SimpleFx.Client.Rest.Sample.csproj", "{CAB82452-A2C0-4ED7-96AD-C5686524F23F}"
EndProject
Project("{9A19103F-16F7-4668-BE54-9A1E7A4F7556}") = "SimpleFx.Client.Generated", "generated\src\SimpleFx.Client.Generated\SimpleFx.Client.Generated.csproj", "{E217279A-FB73-4678-A0BD-18AF3FF34DC4}"
EndProject
Project("{9A19103F-16F7-4668-BE54-9A1E7A4F7556}") = "SimpleFx.Client.Generated.Test", "generated\src\SimpleFx.Client.Generated.Test\SimpleFx.Client.Generated.Test.csproj", "{FD68F6E3-E324-4546-82FA-9BE42C5AC768}"
EndProject
Global
	GlobalSection(SolutionConfigurationPlatforms) = preSolution
		Debug|Any CPU = Debug|Any CPU
		Release|Any CPU = Release|Any CPU
	EndGlobalSection
	GlobalSection(ProjectConfigurationPlatforms) = postSolution
		{CAB82452-A2C0-4ED7-96AD-C5686524F23F}.Debug|Any CPU.ActiveCfg = Debug|Any CPU
		{CAB82452-A2C0-4ED7-96AD-C5686524F23F}.Debug|Any CPU.Build.0 = Debug|Any CPU
		{CAB82452-A2C0-4ED7-96AD-C5686524F23F}.Release|Any CPU.ActiveCfg = Release|Any CPU
		{CAB82452-A2C0-4ED7-96AD-C5686524F23F}.Release|Any CPU.Build.0 = Release|Any CPU
		{E217279A-FB73-4678-A0BD-18AF3FF34DC4}.Debug|Any CPU.ActiveCfg = Debug|Any CPU
		{E217279A-FB73-4678-A0BD-18AF3FF34DC4}.Debug|Any CPU.Build.0 = Debug|Any CPU
		{E217279A-FB73-4678-A0BD-18AF3FF34DC4}.Release|Any CPU.ActiveCfg = Release|Any CPU
		{E217279A-FB73-4678-A0BD-18AF3FF34DC4}.Release|Any CPU.Build.0 = Release|Any CPU
		{FD68F6E3-E324-4546-82FA-9BE42C5AC768}.Debug|Any CPU.ActiveCfg = Debug|Any CPU
		{FD68F6E3-E324-4546-82FA-9BE42C5AC768}.Debug|Any CPU.Build.0 = Debug|Any CPU
		{FD68F6E3-E324-4546-82FA-9BE42C5AC768}.Release|Any CPU.ActiveCfg = Release|Any CPU
		{FD68F6E3-E324-4546-82FA-9BE42C5AC768}.Release|Any CPU.Build.0 = Release|Any CPU
	EndGlobalSection
	GlobalSection(SolutionProperties) = preSolution
		HideSolutionNode = FALSE
	EndGlobalSection
	GlobalSection(NestedProjects) = preSolution
		{CAB82452-A2C0-4ED7-96AD-C5686524F23F} = {F9E82B2F-7B02-4D68-BA35-1D03F1C12D9E}
		{E217279A-FB73-4678-A0BD-18AF3FF34DC4} = {51C02862-869A-4C8A-A40D-7067833B71FF}
		{FD68F6E3-E324-4546-82FA-9BE42C5AC768} = {9C979D3F-DEB3-420D-9A6C-FA142ED2C8B4}
	EndGlobalSection
	GlobalSection(ExtensibilityGlobals) = postSolution
		SolutionGuid = {3399EC50-6E74-4472-9068-467ECC0CE15E}
	EndGlobalSection
EndGlobal
